{"is_source_file": false, "format": "", "description": "", "external_files": [], "external_methods": [], "published": [], "classes": [], "methods": [], "calls": [], "search-terms": [], "state": 2, "file_id": 17, "knowledge_revision": 34, "git_revision": "476d4686c3407609880e9405dcfe3690aad8c565", "filename": "/home/kavia/workspace/code-generation/rapidui-framework-6098-6105/main_container_for_rapidui_framework/post_process_status.lock", "hash": "9c4ed7ef73e22b872b8055bec08b8979", "format-version": 4, "code-base-name": "default", "revision_history": [{"34": "476d4686c3407609880e9405dcfe3690aad8c565"}]}